{
  "name": "endomondo-export",
  "version": "1.0.0",
  "lockfileVersion": 1,
  "requires": true,
  "dependencies": {
    "@babel/runtime": {
      "version": "7.12.1",
      "resolved": "https://registry.npmjs.org/@babel/runtime/-/runtime-7.12.1.tgz",
      "integrity": "sha512-J5AIf3vPj3UwXaAzb5j1xM4WAQDX3EMgemF8rjCP3SoW09LfRKAXQKt6CoVYl230P6iWdRcBbnLDDdnqWxZSCA==",
      "requires": {
        "regenerator-runtime": "^0.13.4"
      }
    },
    "@types/cookie": {
      "version": "0.4.0",
      "resolved": "https://registry.npmjs.org/@types/cookie/-/cookie-0.4.0.tgz",
      "integrity": "sha512-y7mImlc/rNkvCRmg8gC3/lj87S7pTUIJ6QGjwHR9WQJcFs+ZMTOaoPrkdFA/YdbuqVEmEbb5RdhVxMkAcgOnpg=="
    },
    "@types/luxon": {
      "version": "1.25.0",
      "resolved": "https://registry.npmjs.org/@types/luxon/-/luxon-1.25.0.tgz",
      "integrity": "sha512-iIJp2CP6C32gVqI08HIYnzqj55tlLnodIBMCcMf28q9ckqMfMzocCmIzd9JWI/ALLPMUiTkCu1JGv3FFtu6t3g=="
    },
    "@types/mathjs": {
      "version": "6.0.7",
      "resolved": "https://registry.npmjs.org/@types/mathjs/-/mathjs-6.0.7.tgz",
      "integrity": "sha512-UPpG34wVjlr8uSijJ747q0SmC459t294xm/3Ed8GAnqM/I2K786WgCLQ4BO4lIsM07Gj1UhO7x0n0TSfqO0DNQ==",
      "requires": {
        "decimal.js": "^10.0.0"
      }
    },
    "complex.js": {
      "version": "2.0.11",
      "resolved": "https://registry.npmjs.org/complex.js/-/complex.js-2.0.11.tgz",
      "integrity": "sha512-6IArJLApNtdg1P1dFtn3dnyzoZBEF0MwMnrfF1exSBRpZYoy4yieMkpZhQDC0uwctw48vii0CFVyHfpgZ/DfGw=="
    },
    "cookie": {
      "version": "0.4.1",
      "resolved": "https://registry.npmjs.org/cookie/-/cookie-0.4.1.tgz",
      "integrity": "sha512-ZwrFkGJxUR3EIoXtO+yVE69Eb7KlixbaeAWfBQB9vVsNn/o+Yw69gBWSSDK825hQNdN+wF8zELf3dFNl/kxkUA=="
    },
    "cookie-api-handler": {
      "version": "2.23.10",
      "resolved": "https://registry.npmjs.org/cookie-api-handler/-/cookie-api-handler-2.23.10.tgz",
      "integrity": "sha512-K6IymED/cH/MHF3TbcFAK1SOkyhoI9axUovyjtqEVMv+p/0GVWOU8td9FBAH1qKVbU8mKPgkUs3RgyqlyoTi4g==",
      "requires": {
        "@types/cookie": "^0.4.0",
        "cookie": "^0.4.0",
        "rest-api-handler": "^2.4.1"
      }
    },
    "cross-fetch": {
      "version": "3.0.6",
      "resolved": "https://registry.npmjs.org/cross-fetch/-/cross-fetch-3.0.6.tgz",
      "integrity": "sha512-KBPUbqgFjzWlVcURG+Svp9TlhA5uliYtiNx/0r8nv0pdypeQCRJ9IaSIc3q/x3q8t3F75cHuwxVql1HFGHCNJQ==",
      "requires": {
        "node-fetch": "2.6.1"
      }
    },
    "decimal.js": {
      "version": "10.2.1",
      "resolved": "https://registry.npmjs.org/decimal.js/-/decimal.js-10.2.1.tgz",
      "integrity": "sha512-KaL7+6Fw6i5A2XSnsbhm/6B+NuEA7TZ4vqxnd5tXz9sbKtrN9Srj8ab4vKVdK8YAqZO9P1kg45Y6YLoduPf+kw=="
    },
    "decode-uri-component": {
      "version": "0.2.0",
      "resolved": "https://registry.npmjs.org/decode-uri-component/-/decode-uri-component-0.2.0.tgz",
      "integrity": "sha1-6zkTMzRYd1y4TNGh+uBiEGu4dUU="
    },
    "endomondo-api-handler": {
      "version": "7.3.25",
      "resolved": "https://registry.npmjs.org/endomondo-api-handler/-/endomondo-api-handler-7.3.25.tgz",
      "integrity": "sha512-pwE36JJTJAD/FMqRpxIINwahDokTuwx73IERGqcvRd6m0whB/1JX9QSIzQOMDj8sgafrxnairWx/4m+ryxOVBw==",
      "requires": {
        "@types/luxon": "^1.24.1",
        "@types/mathjs": "^6.0.5",
        "cookie-api-handler": "^2.22.0",
        "fitness-models": "^3.0.1",
        "gpx-builder": "^3.5.0",
        "luxon": "^1.24.1",
        "mathjs": "^7.1.0",
        "query-string": "^6.13.1",
        "rest-api-handler": "^2.20.0"
      }
    },
    "escape-latex": {
      "version": "1.2.0",
      "resolved": "https://registry.npmjs.org/escape-latex/-/escape-latex-1.2.0.tgz",
      "integrity": "sha512-nV5aVWW1K0wEiUIEdZ4erkGGH8mDxGyxSeqPzRNtWP7ataw+/olFObw7hujFWlVjNsaDFw5VZ5NzVSIqRgfTiw=="
    },
    "fitness-models": {
      "version": "3.2.15",
      "resolved": "https://registry.npmjs.org/fitness-models/-/fitness-models-3.2.15.tgz",
      "integrity": "sha512-GX1GKQlaUPkQzTh9B5FCBe6+RgTv4pf1BatQ7rxwQbmXoc0d+La/1sVOpri/wgpNRVv0kddPA3qSIrqDLKhhZw==",
      "requires": {
        "@babel/runtime": "^7.10.5",
        "@types/luxon": "^1.24.1",
        "@types/mathjs": "^6.0.5",
        "gpx-builder": "^3.5.0",
        "luxon": "^1.24.1",
        "mathjs": "^7.1.0"
      }
    },
    "fraction.js": {
      "version": "4.0.12",
      "resolved": "https://registry.npmjs.org/fraction.js/-/fraction.js-4.0.12.tgz",
      "integrity": "sha512-8Z1K0VTG4hzYY7kA/1sj4/r1/RWLBD3xwReT/RCrUCbzPszjNQCCsy3ktkU/eaEqX3MYa4pY37a52eiBlPMlhA=="
    },
    "gpx-builder": {
      "version": "3.6.10",
      "resolved": "https://registry.npmjs.org/gpx-builder/-/gpx-builder-3.6.10.tgz",
      "integrity": "sha512-PFeHkxQspzuAxq8PwqbaWAtd87lUeXQlh4axK12UV3NBqOX6bF72EH4T4WNHlY3DZozDFZo7F1Iv0oQ7BMgaKw==",
      "requires": {
        "@babel/runtime": "^7.11.0",
        "xmlbuilder": "^15.1.1"
      }
    },
    "javascript-natural-sort": {
      "version": "0.7.1",
      "resolved": "https://registry.npmjs.org/javascript-natural-sort/-/javascript-natural-sort-0.7.1.tgz",
      "integrity": "sha1-+eIwPUUH9tdDVac2ZNFED7Wg71k="
    },
    "luxon": {
      "version": "1.25.0",
      "resolved": "https://registry.npmjs.org/luxon/-/luxon-1.25.0.tgz",
      "integrity": "sha512-hEgLurSH8kQRjY6i4YLey+mcKVAWXbDNlZRmM6AgWDJ1cY3atl8Ztf5wEY7VBReFbmGnwQPz7KYJblL8B2k0jQ=="
    },
    "mathjs": {
      "version": "7.5.1",
      "resolved": "https://registry.npmjs.org/mathjs/-/mathjs-7.5.1.tgz",
      "integrity": "sha512-H2q/Dq0qxBLMw+G84SSXmGqo/znihuxviGgAQwAcyeFLwK2HksvSGNx4f3dllZF51bWOnu2op60VZxH2Sb51Pw==",
      "requires": {
        "complex.js": "^2.0.11",
        "decimal.js": "^10.2.1",
        "escape-latex": "^1.2.0",
        "fraction.js": "^4.0.12",
        "javascript-natural-sort": "^0.7.1",
        "seed-random": "^2.2.0",
        "tiny-emitter": "^2.1.0",
        "typed-function": "^2.0.0"
      }
    },
    "node-fetch": {
      "version": "2.6.1",
      "resolved": "https://registry.npmjs.org/node-fetch/-/node-fetch-2.6.1.tgz",
      "integrity": "sha512-V4aYg89jEoVRxRb2fJdAg8FHvI7cEyYdVAh94HH0UIK8oJxUfkjlDQN9RbMx+bEjP7+ggMiFRprSti032Oipxw=="
    },
    "query-string": {
      "version": "6.13.6",
      "resolved": "https://registry.npmjs.org/query-string/-/query-string-6.13.6.tgz",
      "integrity": "sha512-/WWZ7d9na6s2wMEGdVCVgKWE9Rt7nYyNIf7k8xmHXcesPMlEzicWo3lbYwHyA4wBktI2KrXxxZeACLbE84hvSQ==",
      "requires": {
        "decode-uri-component": "^0.2.0",
        "split-on-first": "^1.0.0",
        "strict-uri-encode": "^2.0.0"
      }
    },
    "regenerator-runtime": {
      "version": "0.13.7",
      "resolved": "https://registry.npmjs.org/regenerator-runtime/-/regenerator-runtime-0.13.7.tgz",
      "integrity": "sha512-a54FxoJDIr27pgf7IgeQGxmqUNYrcV338lf/6gH456HZ/PhX+5BcwHXG9ajESmwe6WRO0tAzRUrRmNONWgkrew=="
    },
    "rest-api-handler": {
      "version": "2.20.0",
      "resolved": "https://registry.npmjs.org/rest-api-handler/-/rest-api-handler-2.20.0.tgz",
      "integrity": "sha512-z3ebSlqfOypEWzYbWjccRUjHKO5yau8Xmwv0fgYJEkwh7FQfRV5H98nL3HpJY6U+qPt1BEOZkGzDuGwH8UUefw==",
      "requires": {
        "@babel/runtime": "^7.6.3"
      }
    },
    "seed-random": {
      "version": "2.2.0",
      "resolved": "https://registry.npmjs.org/seed-random/-/seed-random-2.2.0.tgz",
      "integrity": "sha1-KpsZ4lCoFwmSMaW5mk2vgLf77VQ="
    },
    "split-on-first": {
      "version": "1.1.0",
      "resolved": "https://registry.npmjs.org/split-on-first/-/split-on-first-1.1.0.tgz",
      "integrity": "sha512-43ZssAJaMusuKWL8sKUBQXHWOpq8d6CfN/u1p4gUzfJkM05C8rxTmYrkIPTXapZpORA6LkkzcUulJ8FqA7Uudw=="
    },
    "strict-uri-encode": {
      "version": "2.0.0",
      "resolved": "https://registry.npmjs.org/strict-uri-encode/-/strict-uri-encode-2.0.0.tgz",
      "integrity": "sha1-ucczDHBChi9rFC3CdLvMWGbONUY="
    },
    "tiny-emitter": {
      "version": "2.1.0",
      "resolved": "https://registry.npmjs.org/tiny-emitter/-/tiny-emitter-2.1.0.tgz",
      "integrity": "sha512-NB6Dk1A9xgQPMoGqC5CVXn123gWyte215ONT5Pp5a0yt4nlEoO1ZWeCwpncaekPHXO60i47ihFnZPiRPjRMq4Q=="
    },
    "typed-function": {
      "version": "2.0.0",
      "resolved": "https://registry.npmjs.org/typed-function/-/typed-function-2.0.0.tgz",
      "integrity": "sha512-Hhy1Iwo/e4AtLZNK10ewVVcP2UEs408DS35ubP825w/YgSBK1KVLwALvvIG4yX75QJrxjCpcWkzkVRB0BwwYlA=="
    },
    "xmlbuilder": {
      "version": "15.1.1",
      "resolved": "https://registry.npmjs.org/xmlbuilder/-/xmlbuilder-15.1.1.tgz",
      "integrity": "sha512-yMqGBqtXyeN1e3TGYvgNgDVZ3j84W4cwkOXQswghol6APgZWaff9lnbvN7MHYJOiXsvGPXtjTYJEiC9J2wv9Eg=="
    }
  }
}
